
Microsoft Visual Studio Solution File, Format Version 12.00
# Visual Studio Version 16
VisualStudioVersion = 25.0.1700.6
MinimumVisualStudioVersion = 10.0.40219.1
Project("{FAE04EC0-301F-11D3-BF4B-00C04F79EFBC}") = "APIs_Json", "APIs_Json\APIs_Json.csproj", "{881F12B3-6574-48C3-80E4-392FB7966DEF}"
EndProject
Global
	GlobalSection(SolutionConfigurationPlatforms) = preSolution
		Debug|Any CPU = Debug|Any CPU
		Release|Any CPU = Release|Any CPU
	EndGlobalSection
	GlobalSection(ProjectConfigurationPlatforms) = postSolution
		{881F12B3-6574-48C3-80E4-392FB7966DEF}.Debug|Any CPU.ActiveCfg = Debug|Any CPU
		{881F12B3-6574-48C3-80E4-392FB7966DEF}.Debug|Any CPU.Build.0 = Debug|Any CPU
		{881F12B3-6574-48C3-80E4-392FB7966DEF}.Release|Any CPU.ActiveCfg = Release|Any CPU
		{881F12B3-6574-48C3-80E4-392FB7966DEF}.Release|Any CPU.Build.0 = Release|Any CPU
	EndGlobalSection
	GlobalSection(SolutionProperties) = preSolution
		HideSolutionNode = FALSE
	EndGlobalSection
	GlobalSection(ExtensibilityGlobals) = postSolution
		SolutionGuid = {FDFC4111-86F1-420D-A347-FFABD788C1B3}
	EndGlobalSection
EndGlobal
